# This file is automatically @generated by Cargo.
# It is not intended for manual editing.
version = 3

[[package]]
name = "arrayvec"
version = "0.7.4"
source = "registry+https://github.com/rust-lang/crates.io-index"
checksum = "96d30a06541fbafbc7f82ed10c06164cfbd2c401138f6addd8404629c4b16711"

[[package]]
name = "autocfg"
version = "1.3.0"
source = "registry+https://github.com/rust-lang/crates.io-index"
checksum = "0c4b4d0bd25bd0b74681c0ad21497610ce1b7c91b1022cd21c80c6fbdd9476b0"

[[package]]
name = "interpoli"
version = "0.1.0"
dependencies = [
 "keyframe",
 "kurbo",
 "peniko",
]

[[package]]
name = "keyframe"
version = "1.1.1"
source = "registry+https://github.com/rust-lang/crates.io-index"
checksum = "60708bf7981518d09095d6f5673ce5cf6a64f1e0d9708b554f670e6d9d2bd9a9"
dependencies = [
 "mint",
 "num-traits",
]

[[package]]
name = "kurbo"
version = "0.11.0"
source = "registry+https://github.com/rust-lang/crates.io-index"
checksum = "6e5aa9f0f96a938266bdb12928a67169e8d22c6a786fda8ed984b85e6ba93c3c"
dependencies = [
 "arrayvec",
 "libm",
 "mint",
 "smallvec",
]

[[package]]
name = "libm"
version = "0.2.8"
source = "registry+https://github.com/rust-lang/crates.io-index"
checksum = "4ec2a862134d2a7d32d7983ddcdd1c4923530833c9f2ea1a44fc5fa473989058"

[[package]]
name = "mint"
version = "0.5.9"
source = "registry+https://github.com/rust-lang/crates.io-index"
checksum = "e53debba6bda7a793e5f99b8dacf19e626084f525f7829104ba9898f367d85ff"

[[package]]
name = "num-traits"
version = "0.2.19"
source = "registry+https://github.com/rust-lang/crates.io-index"
checksum = "071dfc062690e90b734c0b2273ce72ad0ffa95f0c74596bc250dcfd960262841"
dependencies = [
 "autocfg",
 "libm",
]

[[package]]
name = "peniko"
version = "0.1.1"
source = "registry+https://github.com/rust-lang/crates.io-index"
checksum = "3c28d7294093837856bb80ad191cc46a2fcec8a30b43b7a3b0285325f0a917a9"
dependencies = [
 "kurbo",
 "smallvec",
]

[[package]]
name = "smallvec"
version = "1.13.2"
source = "registry+https://github.com/rust-lang/crates.io-index"
checksum = "3c5e1a9a646d36c3599cd173a41282daf47c44583ad367b8e6837255952e5c67"
